<Solution>
  <Folder Name="/src/">
    <Project Path="src/EfCoreBenchLab.Diagnostics/EfCoreBenchLab.Diagnostics.csproj" />
  </Folder>
  <Folder Name="/samples/">
    <Project Path="samples/EfCoreBenchLab.Api/EfCoreBenchLab.Api.csproj" />
    <Project Path="samples/EfCoreBenchLab.AppHost/EfCoreBenchLab.AppHost.csproj" />
    <Project Path="samples/EfCoreBenchLab.ServiceDefaults/EfCoreBenchLab.ServiceDefaults.csproj" />
  </Folder>
  <Folder Name="/tests/">
    <Project Path="tests/EfCoreBenchLab.Diagnostics.Tests/EfCoreBenchLab.Diagnostics.Tests.csproj" />
  </Folder>
</Solution>
